// !$*UTF8*$!
{
	archiveVersion = 1;
	classes = {
	};
	objectVersion = 46;
	objects = {

/* Begin PBXBuildFile section */
		EE07673817E2444F0078D669 /* TutorialViewController.m in Sources */ = {isa = PBXBuildFile; fileRef = EE07673717E2444F0078D669 /* TutorialViewController.m */; };
		EE07673B17E245840078D669 /* SetUpTimerViewController.m in Sources */ = {isa = PBXBuildFile; fileRef = EE07673A17E245840078D669 /* SetUpTimerViewController.m */; };
		EE07673E17E245B10078D669 /* CountDownViewController.m in Sources */ = {isa = PBXBuildFile; fileRef = EE07673D17E245B10078D669 /* CountDownViewController.m */; };
		EE07674117E246120078D669 /* MainViewController.m in Sources */ = {isa = PBXBuildFile; fileRef = EE07674017E246120078D669 /* MainViewController.m */; };
		EE0F5B9E17DCF703001576F9 /* CoreMotion.framework in Frameworks */ = {isa = PBXBuildFile; fileRef = EE0F5B9D17DCF703001576F9 /* CoreMotion.framework */; };
		EE0F5BA417DD0305001576F9 /* secondsTickView.m in Sources */ = {isa = PBXBuildFile; fileRef = EE0F5BA317DD0305001576F9 /* secondsTickView.m */; };
		EE0F5BBE17DD0DB7001576F9 /* MPAnimation.m in Sources */ = {isa = PBXBuildFile; fileRef = EE0F5BB617DD0DB7001576F9 /* MPAnimation.m */; };
		EE0F5BBF17DD0DB7001576F9 /* MPFoldTransition.m in Sources */ = {isa = PBXBuildFile; fileRef = EE0F5BB817DD0DB7001576F9 /* MPFoldTransition.m */; };
		EE0F5BC017DD0DB7001576F9 /* MPTransition.m in Sources */ = {isa = PBXBuildFile; fileRef = EE0F5BBA17DD0DB7001576F9 /* MPTransition.m */; };
		EE0F5BC117DD0DB7001576F9 /* MPFlipTransition.m in Sources */ = {isa = PBXBuildFile; fileRef = EE0F5BBD17DD0DB7001576F9 /* MPFlipTransition.m */; };
		EE0F5BC417DE3B40001576F9 /* CoreText.framework in Frameworks */ = {isa = PBXBuildFile; fileRef = EE0F5BC217DE3B31001576F9 /* CoreText.framework */; };
		EE1500B117D00B670066A97D /* MWDatePicker.m in Sources */ = {isa = PBXBuildFile; fileRef = EE1500B017D00B670066A97D /* MWDatePicker.m */; };
		EE1500B417D01BE60066A97D /* UIView+bounce.m in Sources */ = {isa = PBXBuildFile; fileRef = EE1500B317D01BE50066A97D /* UIView+bounce.m */; };
		EE1500BA17D3C5AF0066A97D /* DialTimerViewController.m in Sources */ = {isa = PBXBuildFile; fileRef = EE1500B917D3C5AD0066A97D /* DialTimerViewController.m */; };
		EE15FE4517CE88540066A97D /* OpenGLES.framework in Frameworks */ = {isa = PBXBuildFile; fileRef = EE15FE4417CE88540066A97D /* OpenGLES.framework */; };
		EE15FE4717CE88570066A97D /* AVFoundation.framework in Frameworks */ = {isa = PBXBuildFile; fileRef = EE15FE4617CE88570066A97D /* AVFoundation.framework */; };
		EE15FE4817CE88640066A97D /* QuartzCore.framework in Frameworks */ = {isa = PBXBuildFile; fileRef = EE574EDC178F789500904CF7 /* QuartzCore.framework */; };
		EE15FE4917CE886D0066A97D /* CoreVideo.framework in Frameworks */ = {isa = PBXBuildFile; fileRef = EE15FE4217CE88430066A97D /* CoreVideo.framework */; };
		EE15FE4A17CE88700066A97D /* CoreMedia.framework in Frameworks */ = {isa = PBXBuildFile; fileRef = EE15FE4017CE883E0066A97D /* CoreMedia.framework */; };
		EE2DC1FF17C69789009C803C /* RLCStartTimeTitleCell.m in Sources */ = {isa = PBXBuildFile; fileRef = EE2DC1FE17C69788009C803C /* RLCStartTimeTitleCell.m */; };
		EE2DC20217C697B9009C803C /* RLCEndTimeTitleCell.m in Sources */ = {isa = PBXBuildFile; fileRef = EE2DC20117C697B9009C803C /* RLCEndTimeTitleCell.m */; };
		EE2DC20417C697E0009C803C /* RLCStartTimeTitleCell.xib in Resources */ = {isa = PBXBuildFile; fileRef = EE2DC20317C697E0009C803C /* RLCStartTimeTitleCell.xib */; };
		EE2DC20617C697F3009C803C /* RLCEndTimeTitleCell.xib in Resources */ = {isa = PBXBuildFile; fileRef = EE2DC20517C697F3009C803C /* RLCEndTimeTitleCell.xib */; };
		EE2DC20817C6D70E009C803C /* background@2x.png in Resources */ = {isa = PBXBuildFile; fileRef = EE2DC20717C6D70E009C803C /* background@2x.png */; };
		EE2DC20A17C71736009C803C /* KS-Normal.ttf in Resources */ = {isa = PBXBuildFile; fileRef = EE2DC20917C71736009C803C /* KS-Normal.ttf */; };
		EE2DC20E17C7179E009C803C /* Klinic Slab-Medium.ttf in Resources */ = {isa = PBXBuildFile; fileRef = EE2DC20C17C7179D009C803C /* Klinic Slab-Medium.ttf */; };
		EE2ED91717DE53B400ECCAAC /* KlinicSlab-Light.otf in Resources */ = {isa = PBXBuildFile; fileRef = EE2ED91617DE53B400ECCAAC /* KlinicSlab-Light.otf */; };
		EE2ED91D17DE568D00ECCAAC /* TTTAttributedLabel.m in Sources */ = {isa = PBXBuildFile; fileRef = EE2ED91C17DE568D00ECCAAC /* TTTAttributedLabel.m */; };
		EE2ED92317DE7BBC00ECCAAC /* iPhone.storyboard in Resources */ = {isa = PBXBuildFile; fileRef = EE2ED92217DE7BBC00ECCAAC /* iPhone.storyboard */; };
		EE574EB7178F77CA00904CF7 /* UIKit.framework in Frameworks */ = {isa = PBXBuildFile; fileRef = EE574EB6178F77CA00904CF7 /* UIKit.framework */; };
		EE574EB9178F77CA00904CF7 /* Foundation.framework in Frameworks */ = {isa = PBXBuildFile; fileRef = EE574EB8178F77CA00904CF7 /* Foundation.framework */; };
		EE574EBB178F77CA00904CF7 /* CoreGraphics.framework in Frameworks */ = {isa = PBXBuildFile; fileRef = EE574EBA178F77CA00904CF7 /* CoreGraphics.framework */; };
		EE574EC1178F77CA00904CF7 /* InfoPlist.strings in Resources */ = {isa = PBXBuildFile; fileRef = EE574EBF178F77CA00904CF7 /* InfoPlist.strings */; };
		EE574EC3178F77CA00904CF7 /* main.m in Sources */ = {isa = PBXBuildFile; fileRef = EE574EC2178F77CA00904CF7 /* main.m */; };
		EE574EC7178F77CA00904CF7 /* testAppDelegate.m in Sources */ = {isa = PBXBuildFile; fileRef = EE574EC6178F77CA00904CF7 /* testAppDelegate.m */; };
		EE574EC9178F77CA00904CF7 /* Default.png in Resources */ = {isa = PBXBuildFile; fileRef = EE574EC8178F77CA00904CF7 /* Default.png */; };
		EE574ECB178F77CA00904CF7 /* Default@2x.png in Resources */ = {isa = PBXBuildFile; fileRef = EE574ECA178F77CA00904CF7 /* Default@2x.png */; };
		EE574ECD178F77CA00904CF7 /* Default-568h@2x.png in Resources */ = {isa = PBXBuildFile; fileRef = EE574ECC178F77CA00904CF7 /* Default-568h@2x.png */; };
		EE574ED0178F77CA00904CF7 /* MainStoryboard.storyboard in Resources */ = {isa = PBXBuildFile; fileRef = EE574ECE178F77CA00904CF7 /* MainStoryboard.storyboard */; };
		EE574ED3178F77CA00904CF7 /* testViewController.m in Sources */ = {isa = PBXBuildFile; fileRef = EE574ED2178F77CA00904CF7 /* testViewController.m */; };
		EE574EDB178F77FF00904CF7 /* SSProgressView.m in Sources */ = {isa = PBXBuildFile; fileRef = EE574EDA178F77FF00904CF7 /* SSProgressView.m */; };
		EE574EEA178FA31B00904CF7 /* ss-gizmo.ttf in Resources */ = {isa = PBXBuildFile; fileRef = EE574EE9178FA31B00904CF7 /* ss-gizmo.ttf */; };
		EE6F4E85180333F500B52841 /* SettingsViewController.m in Sources */ = {isa = PBXBuildFile; fileRef = EE6F4E84180333F500B52841 /* SettingsViewController.m */; };
		EE6F4E8B180334F500B52841 /* setTimerCell.m in Sources */ = {isa = PBXBuildFile; fileRef = EE6F4E8A180334F500B52841 /* setTimerCell.m */; };
		EE6F4E8D1803350200B52841 /* setTimerCell.xib in Resources */ = {isa = PBXBuildFile; fileRef = EE6F4E8C1803350200B52841 /* setTimerCell.xib */; };
		EE6F4E9A1803389A00B52841 /* startTimerTitleCell.m in Sources */ = {isa = PBXBuildFile; fileRef = EE6F4E991803389A00B52841 /* startTimerTitleCell.m */; };
		EE6F4E9D180338A600B52841 /* endTimerTitleCell.m in Sources */ = {isa = PBXBuildFile; fileRef = EE6F4E9C180338A600B52841 /* endTimerTitleCell.m */; };
		EE6F4E9F180338B600B52841 /* startTimerTitleCell.xib in Resources */ = {isa = PBXBuildFile; fileRef = EE6F4E9E180338B600B52841 /* startTimerTitleCell.xib */; };
		EE6F4EA1180338C600B52841 /* endTimerTitleCell.xib in Resources */ = {isa = PBXBuildFile; fileRef = EE6F4EA0180338C600B52841 /* endTimerTitleCell.xib */; };
		EE6F4EA618035B8B00B52841 /* setEndTimerCell.m in Sources */ = {isa = PBXBuildFile; fileRef = EE6F4EA518035B8B00B52841 /* setEndTimerCell.m */; };
		EE6F4EA818035B9700B52841 /* setEndTimerCell.xib in Resources */ = {isa = PBXBuildFile; fileRef = EE6F4EA718035B9700B52841 /* setEndTimerCell.xib */; };
		EE6F4EAB18037AD100B52841 /* RepeatSettingViewController.m in Sources */ = {isa = PBXBuildFile; fileRef = EE6F4EAA18037AD100B52841 /* RepeatSettingViewController.m */; };
		EE6F4EAF18037F5700B52841 /* repeatMenuCell.m in Sources */ = {isa = PBXBuildFile; fileRef = EE6F4EAE18037F5700B52841 /* repeatMenuCell.m */; };
		EE6F4EB118037F6200B52841 /* repeatMenuCell.xib in Resources */ = {isa = PBXBuildFile; fileRef = EE6F4EB018037F6200B52841 /* repeatMenuCell.xib */; };
		EE6F4EDF1804F8F200B52841 /* testview.m in Sources */ = {isa = PBXBuildFile; fileRef = EE6F4EDE1804F8F200B52841 /* testview.m */; };
		EE6F4FF418086BB100B52841 /* countDownView.m in Sources */ = {isa = PBXBuildFile; fileRef = EE6F4FF318086BB100B52841 /* countDownView.m */; };
		EE759CB917B56AD9007191A6 /* NSString+SSGizmo.m in Sources */ = {isa = PBXBuildFile; fileRef = EE759CB817B56AD9007191A6 /* NSString+SSGizmo.m */; };
		EE8B3FE818ADF95F00A24C3A /* motionDataController.m in Sources */ = {isa = PBXBuildFile; fileRef = EE8B3FE718ADF95F00A24C3A /* motionDataController.m */; };
		EE8B3FEC18B0291400A24C3A /* RJ_NotificationView.m in Sources */ = {isa = PBXBuildFile; fileRef = EE8B3FEB18B0291400A24C3A /* RJ_NotificationView.m */; };
		EE8B3FEF18B029E500A24C3A /* UIImage+ImageEffects.m in Sources */ = {isa = PBXBuildFile; fileRef = EE8B3FEE18B029E500A24C3A /* UIImage+ImageEffects.m */; };
		EE8B3FF118B029FD00A24C3A /* Accelerate.framework in Frameworks */ = {isa = PBXBuildFile; fileRef = EE8B3FF018B029FD00A24C3A /* Accelerate.framework */; };
		EE8B3FF318B02A6D00A24C3A /* ImageIO.framework in Frameworks */ = {isa = PBXBuildFile; fileRef = EE8B3FF218B02A6D00A24C3A /* ImageIO.framework */; };
		EE8B3FF518B02C8400A24C3A /* timerIcon.png in Resources */ = {isa = PBXBuildFile; fileRef = EE8B3FF418B02C8400A24C3A /* timerIcon.png */; };
		EE8B3FF918B02FB300A24C3A /* CoreLocation.framework in Frameworks */ = {isa = PBXBuildFile; fileRef = EE8B3FF818B02FB300A24C3A /* CoreLocation.framework */; };
		EE8B3FFD18B041EF00A24C3A /* NSMutableArray+QueueAdditions.m in Sources */ = {isa = PBXBuildFile; fileRef = EE8B3FFC18B041EF00A24C3A /* NSMutableArray+QueueAdditions.m */; };
		EE8B3FFF18B04E2B00A24C3A /* Parse.framework in Frameworks */ = {isa = PBXBuildFile; fileRef = EE8B3FFE18B04E2B00A24C3A /* Parse.framework */; };
		EE8B400118B04FEE00A24C3A /* AudioToolbox.framework in Frameworks */ = {isa = PBXBuildFile; fileRef = EE8B400018B04FEE00A24C3A /* AudioToolbox.framework */; };
		EE8B400318B0500700A24C3A /* CFNetwork.framework in Frameworks */ = {isa = PBXBuildFile; fileRef = EE8B400218B0500600A24C3A /* CFNetwork.framework */; };
		EE8B400518B0501600A24C3A /* libz.dylib in Frameworks */ = {isa = PBXBuildFile; fileRef = EE8B400418B0501600A24C3A /* libz.dylib */; };
		EE8B400718B0501E00A24C3A /* MobileCoreServices.framework in Frameworks */ = {isa = PBXBuildFile; fileRef = EE8B400618B0501E00A24C3A /* MobileCoreServices.framework */; };
		EE8B400918B0502900A24C3A /* Security.framework in Frameworks */ = {isa = PBXBuildFile; fileRef = EE8B400818B0502900A24C3A /* Security.framework */; };
		EE8B400B18B0502F00A24C3A /* StoreKit.framework in Frameworks */ = {isa = PBXBuildFile; fileRef = EE8B400A18B0502F00A24C3A /* StoreKit.framework */; };
		EE8B400D18B0503800A24C3A /* SystemConfiguration.framework in Frameworks */ = {isa = PBXBuildFile; fileRef = EE8B400C18B0503800A24C3A /* SystemConfiguration.framework */; };
		EE9A84E617D6E40000E67EE0 /* DialTimerViewController.xib in Resources */ = {isa = PBXBuildFile; fileRef = EE9A84E517D6E40000E67EE0 /* DialTimerViewController.xib */; };
		EE9A84EB17D903B200E67EE0 /* SSCountDownTimerView.m in Sources */ = {isa = PBXBuildFile; fileRef = EE9A84EA17D903B200E67EE0 /* SSCountDownTimerView.m */; };
		EE9C89E51798FCE600A8B4AB /* RLCSliderMenu.m in Sources */ = {isa = PBXBuildFile; fileRef = EE9C89E41798FCE600A8B4AB /* RLCSliderMenu.m */; };
		EE9C89F717990CB700A8B4AB /* bg@2x.png in Resources */ = {isa = PBXBuildFile; fileRef = EE9C89F617990CB700A8B4AB /* bg@2x.png */; };
		EEA02E2E17A2FB4500F6BAEE /* UIWindow+RESideMenuExtensions.m in Sources */ = {isa = PBXBuildFile; fileRef = EEA02E2D17A2FB4500F6BAEE /* UIWindow+RESideMenuExtensions.m */; };
		EEA02E3117A6D55800F6BAEE /* RLCStartTimeCell.m in Sources */ = {isa = PBXBuildFile; fileRef = EEA02E3017A6D55700F6BAEE /* RLCStartTimeCell.m */; };
		EEA02E3317A6D57700F6BAEE /* RLCStartTimeCell.xib in Resources */ = {isa = PBXBuildFile; fileRef = EEA02E3217A6D57600F6BAEE /* RLCStartTimeCell.xib */; };
		EEA02E3617A6E62600F6BAEE /* UIDevice+deviceInfo.m in Sources */ = {isa = PBXBuildFile; fileRef = EEA02E3517A6E62500F6BAEE /* UIDevice+deviceInfo.m */; };
		EEA02E4517A888E900F6BAEE /* RLCEndTimeCell.m in Sources */ = {isa = PBXBuildFile; fileRef = EEA02E4417A888E700F6BAEE /* RLCEndTimeCell.m */; };
		EEA02E4717A888FA00F6BAEE /* RLCEndTimeCell.xib in Resources */ = {isa = PBXBuildFile; fileRef = EEA02E4617A888F900F6BAEE /* RLCEndTimeCell.xib */; };
		EEA02E4917A88CA000F6BAEE /* bg-568h@2x.png in Resources */ = {isa = PBXBuildFile; fileRef = EEA02E4817A88CA000F6BAEE /* bg-568h@2x.png */; };
		EEBBBC2C18395D9B00B26B1C /* AppIcon29x29.png in Resources */ = {isa = PBXBuildFile; fileRef = EEBBBC2218395D9B00B26B1C /* AppIcon29x29.png */; };
		EEBBBC2D18395D9B00B26B1C /* AppIcon29x29@2x.png in Resources */ = {isa = PBXBuildFile; fileRef = EEBBBC2318395D9B00B26B1C /* AppIcon29x29@2x.png */; };
		EEBBBC2E18395D9B00B26B1C /* AppIcon40x40.png in Resources */ = {isa = PBXBuildFile; fileRef = EEBBBC2418395D9B00B26B1C /* AppIcon40x40.png */; };
		EEBBBC2F18395D9B00B26B1C /* AppIcon40x40@2x.png in Resources */ = {isa = PBXBuildFile; fileRef = EEBBBC2518395D9B00B26B1C /* AppIcon40x40@2x.png */; };
		EEBBBC3018395D9B00B26B1C /* AppIcon60x60.png in Resources */ = {isa = PBXBuildFile; fileRef = EEBBBC2618395D9B00B26B1C /* AppIcon60x60.png */; };
		EEBBBC3118395D9B00B26B1C /* AppIcon60x60@2x.png in Resources */ = {isa = PBXBuildFile; fileRef = EEBBBC2718395D9B00B26B1C /* AppIcon60x60@2x.png */; };
		EEBBBC3218395D9B00B26B1C /* AppIcon76x76.png in Resources */ = {isa = PBXBuildFile; fileRef = EEBBBC2818395D9B00B26B1C /* AppIcon76x76.png */; };
		EEBBBC3318395D9B00B26B1C /* AppIcon76x76@2x.png in Resources */ = {isa = PBXBuildFile; fileRef = EEBBBC2918395D9B00B26B1C /* AppIcon76x76@2x.png */; };
		EEBBBC3418395D9B00B26B1C /* iTunesArtwork.png in Resources */ = {isa = PBXBuildFile; fileRef = EEBBBC2A18395D9B00B26B1C /* iTunesArtwork.png */; };
		EEBBBC3518395D9B00B26B1C /* iTunesArtwork@2x.png in Resources */ = {isa = PBXBuildFile; fileRef = EEBBBC2B18395D9B00B26B1C /* iTunesArtwork@2x.png */; };
		EEBBBC3918395F1100B26B1C /* Icon120.png in Resources */ = {isa = PBXBuildFile; fileRef = EEBBBC3818395F1100B26B1C /* Icon120.png */; };
/* End PBXBuildFile section */

/* Begin PBXFileReference section */
		EE07673617E2444F0078D669 /* TutorialViewController.h */ = {isa = PBXFileReference; fileEncoding = 4; lastKnownFileType = sourcecode.c.h; path = TutorialViewController.h; sourceTree = "<group>"; };
		EE07673717E2444F0078D669 /* TutorialViewController.m */ = {isa = PBXFileReference; fileEncoding = 4; lastKnownFileType = sourcecode.c.objc; path = TutorialViewController.m; sourceTree = "<group>"; };
		EE07673917E245840078D669 /* SetUpTimerViewController.h */ = {isa = PBXFileReference; fileEncoding = 4; lastKnownFileType = sourcecode.c.h; path = SetUpTimerViewController.h; sourceTree = "<group>"; };
		EE07673A17E245840078D669 /* SetUpTimerViewController.m */ = {isa = PBXFileReference; fileEncoding = 4; lastKnownFileType = sourcecode.c.objc; path = SetUpTimerViewController.m; sourceTree = "<group>"; };
		EE07673C17E245B10078D669 /* CountDownViewController.h */ = {isa = PBXFileReference; fileEncoding = 4; lastKnownFileType = sourcecode.c.h; path = CountDownViewController.h; sourceTree = "<group>"; };
		EE07673D17E245B10078D669 /* CountDownViewController.m */ = {isa = PBXFileReference; fileEncoding = 4; lastKnownFileType = sourcecode.c.objc; path = CountDownViewController.m; sourceTree = "<group>"; };
		EE07673F17E246120078D669 /* MainViewController.h */ = {isa = PBXFileReference; fileEncoding = 4; lastKnownFileType = sourcecode.c.h; path = MainViewController.h; sourceTree = "<group>"; };
		EE07674017E246120078D669 /* MainViewController.m */ = {isa = PBXFileReference; fileEncoding = 4; lastKnownFileType = sourcecode.c.objc; path = MainViewController.m; sourceTree = "<group>"; };
		EE0F5B9D17DCF703001576F9 /* CoreMotion.framework */ = {isa = PBXFileReference; lastKnownFileType = wrapper.framework; name = CoreMotion.framework; path = System/Library/Frameworks/CoreMotion.framework; sourceTree = SDKROOT; };
		EE0F5BA217DD0305001576F9 /* secondsTickView.h */ = {isa = PBXFileReference; fileEncoding = 4; lastKnownFileType = sourcecode.c.h; path = secondsTickView.h; sourceTree = "<group>"; };
		EE0F5BA317DD0305001576F9 /* secondsTickView.m */ = {isa = PBXFileReference; fileEncoding = 4; lastKnownFileType = sourcecode.c.objc; path = secondsTickView.m; sourceTree = "<group>"; };
		EE0F5BB317DD0DB7001576F9 /* MPTransitionEnumerations.h */ = {isa = PBXFileReference; fileEncoding = 4; lastKnownFileType = sourcecode.c.h; path = MPTransitionEnumerations.h; sourceTree = "<group>"; };
		EE0F5BB417DD0DB7001576F9 /* MPFoldEnumerations.h */ = {isa = PBXFileReference; fileEncoding = 4; lastKnownFileType = sourcecode.c.h; path = MPFoldEnumerations.h; sourceTree = "<group>"; };
		EE0F5BB517DD0DB7001576F9 /* MPAnimation.h */ = {isa = PBXFileReference; fileEncoding = 4; lastKnownFileType = sourcecode.c.h; path = MPAnimation.h; sourceTree = "<group>"; };
		EE0F5BB617DD0DB7001576F9 /* MPAnimation.m */ = {isa = PBXFileReference; fileEncoding = 4; lastKnownFileType = sourcecode.c.objc; path = MPAnimation.m; sourceTree = "<group>"; };
		EE0F5BB717DD0DB7001576F9 /* MPFoldTransition.h */ = {isa = PBXFileReference; fileEncoding = 4; lastKnownFileType = sourcecode.c.h; path = MPFoldTransition.h; sourceTree = "<group>"; };
		EE0F5BB817DD0DB7001576F9 /* MPFoldTransition.m */ = {isa = PBXFileReference; fileEncoding = 4; lastKnownFileType = sourcecode.c.objc; path = MPFoldTransition.m; sourceTree = "<group>"; };
		EE0F5BB917DD0DB7001576F9 /* MPTransition.h */ = {isa = PBXFileReference; fileEncoding = 4; lastKnownFileType = sourcecode.c.h; path = MPTransition.h; sourceTree = "<group>"; };
		EE0F5BBA17DD0DB7001576F9 /* MPTransition.m */ = {isa = PBXFileReference; fileEncoding = 4; lastKnownFileType = sourcecode.c.objc; path = MPTransition.m; sourceTree = "<group>"; };
		EE0F5BBB17DD0DB7001576F9 /* MPFlipEnumerations.h */ = {isa = PBXFileReference; fileEncoding = 4; lastKnownFileType = sourcecode.c.h; path = MPFlipEnumerations.h; sourceTree = "<group>"; };
		EE0F5BBC17DD0DB7001576F9 /* MPFlipTransition.h */ = {isa = PBXFileReference; fileEncoding = 4; lastKnownFileType = sourcecode.c.h; path = MPFlipTransition.h; sourceTree = "<group>"; };
		EE0F5BBD17DD0DB7001576F9 /* MPFlipTransition.m */ = {isa = PBXFileReference; fileEncoding = 4; lastKnownFileType = sourcecode.c.objc; path = MPFlipTransition.m; sourceTree = "<group>"; };
		EE0F5BC217DE3B31001576F9 /* CoreText.framework */ = {isa = PBXFileReference; lastKnownFileType = wrapper.framework; name = CoreText.framework; path = System/Library/Frameworks/CoreText.framework; sourceTree = SDKROOT; };
		EE1500AF17D00B670066A97D /* MWDatePicker.h */ = {isa = PBXFileReference; fileEncoding = 4; lastKnownFileType = sourcecode.c.h; path = MWDatePicker.h; sourceTree = "<group>"; };
		EE1500B017D00B670066A97D /* MWDatePicker.m */ = {isa = PBXFileReference; fileEncoding = 4; lastKnownFileType = sourcecode.c.objc; path = MWDatePicker.m; sourceTree = "<group>"; };
		EE1500B217D01BE40066A97D /* UIView+bounce.h */ = {isa = PBXFileReference; fileEncoding = 4; lastKnownFileType = sourcecode.c.h; path = "UIView+bounce.h"; sourceTree = "<group>"; };
		EE1500B317D01BE50066A97D /* UIView+bounce.m */ = {isa = PBXFileReference; fileEncoding = 4; lastKnownFileType = sourcecode.c.objc; path = "UIView+bounce.m"; sourceTree = "<group>"; };
		EE1500B817D3C5AC0066A97D /* DialTimerViewController.h */ = {isa = PBXFileReference; fileEncoding = 4; lastKnownFileType = sourcecode.c.h; path = DialTimerViewController.h; sourceTree = "<group>"; };
		EE1500B917D3C5AD0066A97D /* DialTimerViewController.m */ = {isa = PBXFileReference; fileEncoding = 4; lastKnownFileType = sourcecode.c.objc; path = DialTimerViewController.m; sourceTree = "<group>"; };
		EE15FE4017CE883E0066A97D /* CoreMedia.framework */ = {isa = PBXFileReference; lastKnownFileType = wrapper.framework; name = CoreMedia.framework; path = System/Library/Frameworks/CoreMedia.framework; sourceTree = SDKROOT; };
		EE15FE4217CE88430066A97D /* CoreVideo.framework */ = {isa = PBXFileReference; lastKnownFileType = wrapper.framework; name = CoreVideo.framework; path = System/Library/Frameworks/CoreVideo.framework; sourceTree = SDKROOT; };
		EE15FE4417CE88540066A97D /* OpenGLES.framework */ = {isa = PBXFileReference; lastKnownFileType = wrapper.framework; name = OpenGLES.framework; path = System/Library/Frameworks/OpenGLES.framework; sourceTree = SDKROOT; };
		EE15FE4617CE88570066A97D /* AVFoundation.framework */ = {isa = PBXFileReference; lastKnownFileType = wrapper.framework; name = AVFoundation.framework; path = System/Library/Frameworks/AVFoundation.framework; sourceTree = SDKROOT; };
		EE2DC1FD17C69788009C803C /* RLCStartTimeTitleCell.h */ = {isa = PBXFileReference; fileEncoding = 4; lastKnownFileType = sourcecode.c.h; path = RLCStartTimeTitleCell.h; sourceTree = "<group>"; };
		EE2DC1FE17C69788009C803C /* RLCStartTimeTitleCell.m */ = {isa = PBXFileReference; fileEncoding = 4; lastKnownFileType = sourcecode.c.objc; path = RLCStartTimeTitleCell.m; sourceTree = "<group>"; };
		EE2DC20017C697B9009C803C /* RLCEndTimeTitleCell.h */ = {isa = PBXFileReference; fileEncoding = 4; lastKnownFileType = sourcecode.c.h; path = RLCEndTimeTitleCell.h; sourceTree = "<group>"; };
		EE2DC20117C697B9009C803C /* RLCEndTimeTitleCell.m */ = {isa = PBXFileReference; fileEncoding = 4; lastKnownFileType = sourcecode.c.objc; path = RLCEndTimeTitleCell.m; sourceTree = "<group>"; };
		EE2DC20317C697E0009C803C /* RLCStartTimeTitleCell.xib */ = {isa = PBXFileReference; fileEncoding = 4; lastKnownFileType = file.xib; path = RLCStartTimeTitleCell.xib; sourceTree = "<group>"; };
		EE2DC20517C697F3009C803C /* RLCEndTimeTitleCell.xib */ = {isa = PBXFileReference; fileEncoding = 4; lastKnownFileType = file.xib; path = RLCEndTimeTitleCell.xib; sourceTree = "<group>"; };
		EE2DC20717C6D70E009C803C /* background@2x.png */ = {isa = PBXFileReference; lastKnownFileType = image.png; path = "background@2x.png"; sourceTree = "<group>"; };
		EE2DC20917C71736009C803C /* KS-Normal.ttf */ = {isa = PBXFileReference; lastKnownFileType = file; path = "KS-Normal.ttf"; sourceTree = "<group>"; };
		EE2DC20C17C7179D009C803C /* Klinic Slab-Medium.ttf */ = {isa = PBXFileReference; lastKnownFileType = file; path = "Klinic Slab-Medium.ttf"; sourceTree = "<group>"; };
		EE2ED91617DE53B400ECCAAC /* KlinicSlab-Light.otf */ = {isa = PBXFileReference; lastKnownFileType = file; path = "KlinicSlab-Light.otf"; sourceTree = "<group>"; };
		EE2ED91B17DE568D00ECCAAC /* TTTAttributedLabel.h */ = {isa = PBXFileReference; fileEncoding = 4; lastKnownFileType = sourcecode.c.h; path = TTTAttributedLabel.h; sourceTree = "<group>"; };
		EE2ED91C17DE568D00ECCAAC /* TTTAttributedLabel.m */ = {isa = PBXFileReference; fileEncoding = 4; lastKnownFileType = sourcecode.c.objc; path = TTTAttributedLabel.m; sourceTree = "<group>"; };
		EE2ED92217DE7BBC00ECCAAC /* iPhone.storyboard */ = {isa = PBXFileReference; fileEncoding = 4; lastKnownFileType = file.storyboard; path = iPhone.storyboard; sourceTree = "<group>"; };
		EE574EB3178F77CA00904CF7 /* circleDial.app */ = {isa = PBXFileReference; explicitFileType = wrapper.application; includeInIndex = 0; path = circleDial.app; sourceTree = BUILT_PRODUCTS_DIR; };
		EE574EB6178F77CA00904CF7 /* UIKit.framework */ = {isa = PBXFileReference; lastKnownFileType = wrapper.framework; name = UIKit.framework; path = System/Library/Frameworks/UIKit.framework; sourceTree = SDKROOT; };
		EE574EB8178F77CA00904CF7 /* Foundation.framework */ = {isa = PBXFileReference; lastKnownFileType = wrapper.framework; name = Foundation.framework; path = System/Library/Frameworks/Foundation.framework; sourceTree = SDKROOT; };
		EE574EBA178F77CA00904CF7 /* CoreGraphics.framework */ = {isa = PBXFileReference; lastKnownFileType = wrapper.framework; name = CoreGraphics.framework; path = System/Library/Frameworks/CoreGraphics.framework; sourceTree = SDKROOT; };
		EE574EBE178F77CA00904CF7 /* circleDial-Info.plist */ = {isa = PBXFileReference; lastKnownFileType = text.plist.xml; path = "circleDial-Info.plist"; sourceTree = "<group>"; };
		EE574EC0178F77CA00904CF7 /* en */ = {isa = PBXFileReference; lastKnownFileType = text.plist.strings; name = en; path = en.lproj/InfoPlist.strings; sourceTree = "<group>"; };
		EE574EC2178F77CA00904CF7 /* main.m */ = {isa = PBXFileReference; lastKnownFileType = sourcecode.c.objc; path = main.m; sourceTree = "<group>"; };
		EE574EC4178F77CA00904CF7 /* circleDial-Prefix.pch */ = {isa = PBXFileReference; lastKnownFileType = sourcecode.c.h; path = "circleDial-Prefix.pch"; sourceTree = "<group>"; };
		EE574EC5178F77CA00904CF7 /* testAppDelegate.h */ = {isa = PBXFileReference; lastKnownFileType = sourcecode.c.h; path = testAppDelegate.h; sourceTree = "<group>"; };
		EE574EC6178F77CA00904CF7 /* testAppDelegate.m */ = {isa = PBXFileReference; lastKnownFileType = sourcecode.c.objc; path = testAppDelegate.m; sourceTree = "<group>"; };
		EE574EC8178F77CA00904CF7 /* Default.png */ = {isa = PBXFileReference; lastKnownFileType = image.png; path = Default.png; sourceTree = "<group>"; };
		EE574ECA178F77CA00904CF7 /* Default@2x.png */ = {isa = PBXFileReference; lastKnownFileType = image.png; path = "Default@2x.png"; sourceTree = "<group>"; };
		EE574ECC178F77CA00904CF7 /* Default-568h@2x.png */ = {isa = PBXFileReference; lastKnownFileType = image.png; path = "Default-568h@2x.png"; sourceTree = "<group>"; };
		EE574ECF178F77CA00904CF7 /* en */ = {isa = PBXFileReference; lastKnownFileType = file.storyboard; name = en; path = en.lproj/MainStoryboard.storyboard; sourceTree = "<group>"; };
		EE574ED1178F77CA00904CF7 /* testViewController.h */ = {isa = PBXFileReference; lastKnownFileType = sourcecode.c.h; path = testViewController.h; sourceTree = "<group>"; };
		EE574ED2178F77CA00904CF7 /* testViewController.m */ = {isa = PBXFileReference; lastKnownFileType = sourcecode.c.objc; path = testViewController.m; sourceTree = "<group>"; };
		EE574ED9178F77FF00904CF7 /* SSProgressView.h */ = {isa = PBXFileReference; fileEncoding = 4; lastKnownFileType = sourcecode.c.h; path = SSProgressView.h; sourceTree = "<group>"; };
		EE574EDA178F77FF00904CF7 /* SSProgressView.m */ = {isa = PBXFileReference; fileEncoding = 4; lastKnownFileType = sourcecode.c.objc; path = SSProgressView.m; sourceTree = "<group>"; };
		EE574EDC178F789500904CF7 /* QuartzCore.framework */ = {isa = PBXFileReference; lastKnownFileType = wrapper.framework; name = QuartzCore.framework; path = System/Library/Frameworks/QuartzCore.framework; sourceTree = SDKROOT; };
		EE574EE9178FA31B00904CF7 /* ss-gizmo.ttf */ = {isa = PBXFileReference; lastKnownFileType = file; path = "ss-gizmo.ttf"; sourceTree = "<group>"; };
		EE6F4E83180333F500B52841 /* SettingsViewController.h */ = {isa = PBXFileReference; fileEncoding = 4; lastKnownFileType = sourcecode.c.h; path = SettingsViewController.h; sourceTree = "<group>"; };
		EE6F4E84180333F500B52841 /* SettingsViewController.m */ = {isa = PBXFileReference; fileEncoding = 4; lastKnownFileType = sourcecode.c.objc; path = SettingsViewController.m; sourceTree = "<group>"; };
		EE6F4E89180334F500B52841 /* setTimerCell.h */ = {isa = PBXFileReference; fileEncoding = 4; lastKnownFileType = sourcecode.c.h; path = setTimerCell.h; sourceTree = "<group>"; };
		EE6F4E8A180334F500B52841 /* setTimerCell.m */ = {isa = PBXFileReference; fileEncoding = 4; lastKnownFileType = sourcecode.c.objc; path = setTimerCell.m; sourceTree = "<group>"; };
		EE6F4E8C1803350200B52841 /* setTimerCell.xib */ = {isa = PBXFileReference; fileEncoding = 4; lastKnownFileType = file.xib; path = setTimerCell.xib; sourceTree = "<group>"; };
		EE6F4E981803389A00B52841 /* startTimerTitleCell.h */ = {isa = PBXFileReference; fileEncoding = 4; lastKnownFileType = sourcecode.c.h; path = startTimerTitleCell.h; sourceTree = "<group>"; };
		EE6F4E991803389A00B52841 /* startTimerTitleCell.m */ = {isa = PBXFileReference; fileEncoding = 4; lastKnownFileType = sourcecode.c.objc; path = startTimerTitleCell.m; sourceTree = "<group>"; };
		EE6F4E9B180338A600B52841 /* endTimerTitleCell.h */ = {isa = PBXFileReference; fileEncoding = 4; lastKnownFileType = sourcecode.c.h; path = endTimerTitleCell.h; sourceTree = "<group>"; };
		EE6F4E9C180338A600B52841 /* endTimerTitleCell.m */ = {isa = PBXFileReference; fileEncoding = 4; lastKnownFileType = sourcecode.c.objc; path = endTimerTitleCell.m; sourceTree = "<group>"; };
		EE6F4E9E180338B600B52841 /* startTimerTitleCell.xib */ = {isa = PBXFileReference; fileEncoding = 4; lastKnownFileType = file.xib; path = startTimerTitleCell.xib; sourceTree = "<group>"; };
		EE6F4EA0180338C600B52841 /* endTimerTitleCell.xib */ = {isa = PBXFileReference; fileEncoding = 4; lastKnownFileType = file.xib; path = endTimerTitleCell.xib; sourceTree = "<group>"; };
		EE6F4EA418035B8B00B52841 /* setEndTimerCell.h */ = {isa = PBXFileReference; fileEncoding = 4; lastKnownFileType = sourcecode.c.h; path = setEndTimerCell.h; sourceTree = "<group>"; };
		EE6F4EA518035B8B00B52841 /* setEndTimerCell.m */ = {isa = PBXFileReference; fileEncoding = 4; lastKnownFileType = sourcecode.c.objc; path = setEndTimerCell.m; sourceTree = "<group>"; };
		EE6F4EA718035B9700B52841 /* setEndTimerCell.xib */ = {isa = PBXFileReference; fileEncoding = 4; lastKnownFileType = file.xib; path = setEndTimerCell.xib; sourceTree = "<group>"; };
		EE6F4EA918037AD100B52841 /* RepeatSettingViewController.h */ = {isa = PBXFileReference; fileEncoding = 4; lastKnownFileType = sourcecode.c.h; path = RepeatSettingViewController.h; sourceTree = "<group>"; };
		EE6F4EAA18037AD100B52841 /* RepeatSettingViewController.m */ = {isa = PBXFileReference; fileEncoding = 4; lastKnownFileType = sourcecode.c.objc; path = RepeatSettingViewController.m; sourceTree = "<group>"; };
		EE6F4EAD18037F5600B52841 /* repeatMenuCell.h */ = {isa = PBXFileReference; fileEncoding = 4; lastKnownFileType = sourcecode.c.h; path = repeatMenuCell.h; sourceTree = "<group>"; };
		EE6F4EAE18037F5700B52841 /* repeatMenuCell.m */ = {isa = PBXFileReference; fileEncoding = 4; lastKnownFileType = sourcecode.c.objc; path = repeatMenuCell.m; sourceTree = "<group>"; };
		EE6F4EB018037F6200B52841 /* repeatMenuCell.xib */ = {isa = PBXFileReference; fileEncoding = 4; lastKnownFileType = file.xib; path = repeatMenuCell.xib; sourceTree = "<group>"; };
		EE6F4EDD1804F8F200B52841 /* testview.h */ = {isa = PBXFileReference; fileEncoding = 4; lastKnownFileType = sourcecode.c.h; path = testview.h; sourceTree = "<group>"; };
		EE6F4EDE1804F8F200B52841 /* testview.m */ = {isa = PBXFileReference; fileEncoding = 4; lastKnownFileType = sourcecode.c.objc; path = testview.m; sourceTree = "<group>"; };
		EE6F4FF218086BB100B52841 /* countDownView.h */ = {isa = PBXFileReference; fileEncoding = 4; lastKnownFileType = sourcecode.c.h; path = countDownView.h; sourceTree = "<group>"; };
		EE6F4FF318086BB100B52841 /* countDownView.m */ = {isa = PBXFileReference; fileEncoding = 4; lastKnownFileType = sourcecode.c.objc; path = countDownView.m; sourceTree = "<group>"; };
		EE759CB717B56AD9007191A6 /* NSString+SSGizmo.h */ = {isa = PBXFileReference; fileEncoding = 4; lastKnownFileType = sourcecode.c.h; path = "NSString+SSGizmo.h"; sourceTree = "<group>"; };
		EE759CB817B56AD9007191A6 /* NSString+SSGizmo.m */ = {isa = PBXFileReference; fileEncoding = 4; lastKnownFileType = sourcecode.c.objc; path = "NSString+SSGizmo.m"; sourceTree = "<group>"; };
		EE8B3FE618ADF95F00A24C3A /* motionDataController.h */ = {isa = PBXFileReference; fileEncoding = 4; lastKnownFileType = sourcecode.c.h; path = motionDataController.h; sourceTree = "<group>"; };
		EE8B3FE718ADF95F00A24C3A /* motionDataController.m */ = {isa = PBXFileReference; fileEncoding = 4; lastKnownFileType = sourcecode.c.objc; path = motionDataController.m; sourceTree = "<group>"; };
		EE8B3FEA18B0291400A24C3A /* RJ_NotificationView.h */ = {isa = PBXFileReference; fileEncoding = 4; lastKnownFileType = sourcecode.c.h; path = RJ_NotificationView.h; sourceTree = "<group>"; };
		EE8B3FEB18B0291400A24C3A /* RJ_NotificationView.m */ = {isa = PBXFileReference; fileEncoding = 4; lastKnownFileType = sourcecode.c.objc; path = RJ_NotificationView.m; sourceTree = "<group>"; };
		EE8B3FED18B029E500A24C3A /* UIImage+ImageEffects.h */ = {isa = PBXFileReference; fileEncoding = 4; lastKnownFileType = sourcecode.c.h; path = "UIImage+ImageEffects.h"; sourceTree = "<group>"; };
		EE8B3FEE18B029E500A24C3A /* UIImage+ImageEffects.m */ = {isa = PBXFileReference; fileEncoding = 4; lastKnownFileType = sourcecode.c.objc; path = "UIImage+ImageEffects.m"; sourceTree = "<group>"; };
		EE8B3FF018B029FD00A24C3A /* Accelerate.framework */ = {isa = PBXFileReference; lastKnownFileType = wrapper.framework; name = Accelerate.framework; path = System/Library/Frameworks/Accelerate.framework; sourceTree = SDKROOT; };
		EE8B3FF218B02A6D00A24C3A /* ImageIO.framework */ = {isa = PBXFileReference; lastKnownFileType = wrapper.framework; name = ImageIO.framework; path = System/Library/Frameworks/ImageIO.framework; sourceTree = SDKROOT; };
		EE8B3FF418B02C8400A24C3A /* timerIcon.png */ = {isa = PBXFileReference; lastKnownFileType = image.png; path = timerIcon.png; sourceTree = "<group>"; };
		EE8B3FF618B02FA800A24C3A /* libipsec.A.dylib */ = {isa = PBXFileReference; lastKnownFileType = "compiled.mach-o.dylib"; name = libipsec.A.dylib; path = usr/lib/libipsec.A.dylib; sourceTree = SDKROOT; };
		EE8B3FF818B02FB300A24C3A /* CoreLocation.framework */ = {isa = PBXFileReference; lastKnownFileType = wrapper.framework; name = CoreLocation.framework; path = System/Library/Frameworks/CoreLocation.framework; sourceTree = SDKROOT; };
		EE8B3FFB18B041EF00A24C3A /* NSMutableArray+QueueAdditions.h */ = {isa = PBXFileReference; fileEncoding = 4; lastKnownFileType = sourcecode.c.h; path = "NSMutableArray+QueueAdditions.h"; sourceTree = "<group>"; };
		EE8B3FFC18B041EF00A24C3A /* NSMutableArray+QueueAdditions.m */ = {isa = PBXFileReference; fileEncoding = 4; lastKnownFileType = sourcecode.c.objc; path = "NSMutableArray+QueueAdditions.m"; sourceTree = "<group>"; };
		EE8B3FFE18B04E2B00A24C3A /* Parse.framework */ = {isa = PBXFileReference; lastKnownFileType = wrapper.framework; path = Parse.framework; sourceTree = "<group>"; };
		EE8B400018B04FEE00A24C3A /* AudioToolbox.framework */ = {isa = PBXFileReference; lastKnownFileType = wrapper.framework; name = AudioToolbox.framework; path = System/Library/Frameworks/AudioToolbox.framework; sourceTree = SDKROOT; };
		EE8B400218B0500600A24C3A /* CFNetwork.framework */ = {isa = PBXFileReference; lastKnownFileType = wrapper.framework; name = CFNetwork.framework; path = System/Library/Frameworks/CFNetwork.framework; sourceTree = SDKROOT; };
		EE8B400418B0501600A24C3A /* libz.dylib */ = {isa = PBXFileReference; lastKnownFileType = "compiled.mach-o.dylib"; name = libz.dylib; path = usr/lib/libz.dylib; sourceTree = SDKROOT; };
		EE8B400618B0501E00A24C3A /* MobileCoreServices.framework */ = {isa = PBXFileReference; lastKnownFileType = wrapper.framework; name = MobileCoreServices.framework; path = System/Library/Frameworks/MobileCoreServices.framework; sourceTree = SDKROOT; };
		EE8B400818B0502900A24C3A /* Security.framework */ = {isa = PBXFileReference; lastKnownFileType = wrapper.framework; name = Security.framework; path = System/Library/Frameworks/Security.framework; sourceTree = SDKROOT; };
		EE8B400A18B0502F00A24C3A /* StoreKit.framework */ = {isa = PBXFileReference; lastKnownFileType = wrapper.framework; name = StoreKit.framework; path = System/Library/Frameworks/StoreKit.framework; sourceTree = SDKROOT; };
		EE8B400C18B0503800A24C3A /* SystemConfiguration.framework */ = {isa = PBXFileReference; lastKnownFileType = wrapper.framework; name = SystemConfiguration.framework; path = System/Library/Frameworks/SystemConfiguration.framework; sourceTree = SDKROOT; };
		EE9A84E517D6E40000E67EE0 /* DialTimerViewController.xib */ = {isa = PBXFileReference; fileEncoding = 4; lastKnownFileType = file.xib; path = DialTimerViewController.xib; sourceTree = "<group>"; };
		EE9A84E917D903B200E67EE0 /* SSCountDownTimerView.h */ = {isa = PBXFileReference; fileEncoding = 4; lastKnownFileType = sourcecode.c.h; path = SSCountDownTimerView.h; sourceTree = "<group>"; };
		EE9A84EA17D903B200E67EE0 /* SSCountDownTimerView.m */ = {isa = PBXFileReference; fileEncoding = 4; lastKnownFileType = sourcecode.c.objc; path = SSCountDownTimerView.m; sourceTree = "<group>"; };
		EE9C89E31798FCE600A8B4AB /* RLCSliderMenu.h */ = {isa = PBXFileReference; fileEncoding = 4; lastKnownFileType = sourcecode.c.h; path = RLCSliderMenu.h; sourceTree = "<group>"; };
		EE9C89E41798FCE600A8B4AB /* RLCSliderMenu.m */ = {isa = PBXFileReference; fileEncoding = 4; lastKnownFileType = sourcecode.c.objc; path = RLCSliderMenu.m; sourceTree = "<group>"; };
		EE9C89F617990CB700A8B4AB /* bg@2x.png */ = {isa = PBXFileReference; lastKnownFileType = image.png; path = "bg@2x.png"; sourceTree = "<group>"; };
		EEA02E2C17A2FB4500F6BAEE /* UIWindow+RESideMenuExtensions.h */ = {isa = PBXFileReference; fileEncoding = 4; lastKnownFileType = sourcecode.c.h; path = "UIWindow+RESideMenuExtensions.h"; sourceTree = "<group>"; };
		EEA02E2D17A2FB4500F6BAEE /* UIWindow+RESideMenuExtensions.m */ = {isa = PBXFileReference; fileEncoding = 4; lastKnownFileType = sourcecode.c.objc; path = "UIWindow+RESideMenuExtensions.m"; sourceTree = "<group>"; };
		EEA02E2F17A6D55600F6BAEE /* RLCStartTimeCell.h */ = {isa = PBXFileReference; fileEncoding = 4; lastKnownFileType = sourcecode.c.h; path = RLCStartTimeCell.h; sourceTree = "<group>"; };
		EEA02E3017A6D55700F6BAEE /* RLCStartTimeCell.m */ = {isa = PBXFileReference; fileEncoding = 4; lastKnownFileType = sourcecode.c.objc; path = RLCStartTimeCell.m; sourceTree = "<group>"; };
		EEA02E3217A6D57600F6BAEE /* RLCStartTimeCell.xib */ = {isa = PBXFileReference; fileEncoding = 4; lastKnownFileType = file.xib; path = RLCStartTimeCell.xib; sourceTree = "<group>"; };
		EEA02E3417A6E62400F6BAEE /* UIDevice+deviceInfo.h */ = {isa = PBXFileReference; fileEncoding = 4; lastKnownFileType = sourcecode.c.h; path = "UIDevice+deviceInfo.h"; sourceTree = "<group>"; };
		EEA02E3517A6E62500F6BAEE /* UIDevice+deviceInfo.m */ = {isa = PBXFileReference; fileEncoding = 4; lastKnownFileType = sourcecode.c.objc; path = "UIDevice+deviceInfo.m"; sourceTree = "<group>"; };
		EEA02E4317A888E600F6BAEE /* RLCEndTimeCell.h */ = {isa = PBXFileReference; fileEncoding = 4; lastKnownFileType = sourcecode.c.h; path = RLCEndTimeCell.h; sourceTree = "<group>"; };
		EEA02E4417A888E700F6BAEE /* RLCEndTimeCell.m */ = {isa = PBXFileReference; fileEncoding = 4; lastKnownFileType = sourcecode.c.objc; path = RLCEndTimeCell.m; sourceTree = "<group>"; };
		EEA02E4617A888F900F6BAEE /* RLCEndTimeCell.xib */ = {isa = PBXFileReference; fileEncoding = 4; lastKnownFileType = file.xib; path = RLCEndTimeCell.xib; sourceTree = "<group>"; };
		EEA02E4817A88CA000F6BAEE /* bg-568h@2x.png */ = {isa = PBXFileReference; lastKnownFileType = image.png; path = "bg-568h@2x.png"; sourceTree = "<group>"; };
		EEBBBC2218395D9B00B26B1C /* AppIcon29x29.png */ = {isa = PBXFileReference; lastKnownFileType = image.png; path = AppIcon29x29.png; sourceTree = "<group>"; };
		EEBBBC2318395D9B00B26B1C /* AppIcon29x29@2x.png */ = {isa = PBXFileReference; lastKnownFileType = image.png; path = "AppIcon29x29@2x.png"; sourceTree = "<group>"; };
		EEBBBC2418395D9B00B26B1C /* AppIcon40x40.png */ = {isa = PBXFileReference; lastKnownFileType = image.png; path = AppIcon40x40.png; sourceTree = "<group>"; };
		EEBBBC2518395D9B00B26B1C /* AppIcon40x40@2x.png */ = {isa = PBXFileReference; lastKnownFileType = image.png; path = "AppIcon40x40@2x.png"; sourceTree = "<group>"; };
		EEBBBC2618395D9B00B26B1C /* AppIcon60x60.png */ = {isa = PBXFileReference; lastKnownFileType = image.png; path = AppIcon60x60.png; sourceTree = "<group>"; };
		EEBBBC2718395D9B00B26B1C /* AppIcon60x60@2x.png */ = {isa = PBXFileReference; lastKnownFileType = image.png; path = "AppIcon60x60@2x.png"; sourceTree = "<group>"; };
		EEBBBC2818395D9B00B26B1C /* AppIcon76x76.png */ = {isa = PBXFileReference; lastKnownFileType = image.png; path = AppIcon76x76.png; sourceTree = "<group>"; };
		EEBBBC2918395D9B00B26B1C /* AppIcon76x76@2x.png */ = {isa = PBXFileReference; lastKnownFileType = image.png; path = "AppIcon76x76@2x.png"; sourceTree = "<group>"; };
		EEBBBC2A18395D9B00B26B1C /* iTunesArtwork.png */ = {isa = PBXFileReference; lastKnownFileType = image.png; path = iTunesArtwork.png; sourceTree = "<group>"; };
		EEBBBC2B18395D9B00B26B1C /* iTunesArtwork@2x.png */ = {isa = PBXFileReference; lastKnownFileType = image.png; path = "iTunesArtwork@2x.png"; sourceTree = "<group>"; };
		EEBBBC3818395F1100B26B1C /* Icon120.png */ = {isa = PBXFileReference; lastKnownFileType = image.png; path = Icon120.png; sourceTree = "<group>"; };
/* End PBXFileReference section */

/* Begin PBXFrameworksBuildPhase section */
		EE574EB0178F77CA00904CF7 /* Frameworks */ = {
			isa = PBXFrameworksBuildPhase;
			buildActionMask = 2147483647;
			files = (
				EE8B400D18B0503800A24C3A /* SystemConfiguration.framework in Frameworks */,
				EE8B400B18B0502F00A24C3A /* StoreKit.framework in Frameworks */,
				EE8B400918B0502900A24C3A /* Security.framework in Frameworks */,
				EE8B400718B0501E00A24C3A /* MobileCoreServices.framework in Frameworks */,
				EE8B400518B0501600A24C3A /* libz.dylib in Frameworks */,
				EE8B400318B0500700A24C3A /* CFNetwork.framework in Frameworks */,
				EE8B400118B04FEE00A24C3A /* AudioToolbox.framework in Frameworks */,
				EE8B3FF918B02FB300A24C3A /* CoreLocation.framework in Frameworks */,
				EE8B3FF318B02A6D00A24C3A /* ImageIO.framework in Frameworks */,
				EE8B3FF118B029FD00A24C3A /* Accelerate.framework in Frameworks */,
				EE0F5B9E17DCF703001576F9 /* CoreMotion.framework in Frameworks */,
				EE15FE4717CE88570066A97D /* AVFoundation.framework in Frameworks */,
				EE15FE4517CE88540066A97D /* OpenGLES.framework in Frameworks */,
				EE15FE4917CE886D0066A97D /* CoreVideo.framework in Frameworks */,
				EE15FE4817CE88640066A97D /* QuartzCore.framework in Frameworks */,
				EE0F5BC417DE3B40001576F9 /* CoreText.framework in Frameworks */,
				EE15FE4A17CE88700066A97D /* CoreMedia.framework in Frameworks */,
				EE8B3FFF18B04E2B00A24C3A /* Parse.framework in Frameworks */,
				EE574EB7178F77CA00904CF7 /* UIKit.framework in Frameworks */,
				EE574EB9178F77CA00904CF7 /* Foundation.framework in Frameworks */,
				EE574EBB178F77CA00904CF7 /* CoreGraphics.framework in Frameworks */,
			);
			runOnlyForDeploymentPostprocessing = 0;
		};
/* End PBXFrameworksBuildPhase section */

/* Begin PBXGroup section */
		EE07673417E244070078D669 /* ViewControllers */ = {
			isa = PBXGroup;
			children = (
				EE8B3FED18B029E500A24C3A /* UIImage+ImageEffects.h */,
				EE8B3FEE18B029E500A24C3A /* UIImage+ImageEffects.m */,
				EE6F4EAC18037F3D00B52841 /* RepeatMenu */,
				EE6F4E88180334AD00B52841 /* SettingsMenu */,
				EE07673617E2444F0078D669 /* TutorialViewController.h */,
				EE07673717E2444F0078D669 /* TutorialViewController.m */,
				EE07673917E245840078D669 /* SetUpTimerViewController.h */,
				EE07673A17E245840078D669 /* SetUpTimerViewController.m */,
				EE07673C17E245B10078D669 /* CountDownViewController.h */,
				EE07673D17E245B10078D669 /* CountDownViewController.m */,
				EE07673F17E246120078D669 /* MainViewController.h */,
				EE07674017E246120078D669 /* MainViewController.m */,
				EE6F4E83180333F500B52841 /* SettingsViewController.h */,
				EE6F4E84180333F500B52841 /* SettingsViewController.m */,
				EE6F4EA918037AD100B52841 /* RepeatSettingViewController.h */,
				EE6F4EAA18037AD100B52841 /* RepeatSettingViewController.m */,
				EE6F4EDD1804F8F200B52841 /* testview.h */,
				EE6F4EDE1804F8F200B52841 /* testview.m */,
				EE6F4FF218086BB100B52841 /* countDownView.h */,
				EE6F4FF318086BB100B52841 /* countDownView.m */,
				EE8B3FE618ADF95F00A24C3A /* motionDataController.h */,
				EE8B3FE718ADF95F00A24C3A /* motionDataController.m */,
			);
			name = ViewControllers;
			sourceTree = "<group>";
		};
		EE07673517E244180078D669 /* AutoLayout */ = {
			isa = PBXGroup;
			children = (
				EE8B3FFA18B034F200A24C3A /* UI */,
				EE2ED92217DE7BBC00ECCAAC /* iPhone.storyboard */,
				EE2ED92117DE62DA00ECCAAC /* Categories */,
				EE2ED91E17DE629500ECCAAC /* ThirdParty */,
				EE07673417E244070078D669 /* ViewControllers */,
			);
			name = AutoLayout;
			sourceTree = "<group>";
		};
		EE0F5BB217DD0D9B001576F9 /* MFFoldTransition */ = {
			isa = PBXGroup;
			children = (
				EE0F5BB317DD0DB7001576F9 /* MPTransitionEnumerations.h */,
				EE0F5BB417DD0DB7001576F9 /* MPFoldEnumerations.h */,
				EE0F5BB517DD0DB7001576F9 /* MPAnimation.h */,
				EE0F5BB617DD0DB7001576F9 /* MPAnimation.m */,
				EE0F5BB717DD0DB7001576F9 /* MPFoldTransition.h */,
				EE0F5BB817DD0DB7001576F9 /* MPFoldTransition.m */,
				EE0F5BB917DD0DB7001576F9 /* MPTransition.h */,
				EE0F5BBA17DD0DB7001576F9 /* MPTransition.m */,
				EE0F5BBB17DD0DB7001576F9 /* MPFlipEnumerations.h */,
				EE0F5BBC17DD0DB7001576F9 /* MPFlipTransition.h */,
				EE0F5BBD17DD0DB7001576F9 /* MPFlipTransition.m */,
			);
			name = MFFoldTransition;
			sourceTree = "<group>";
		};
		EE1500AE17D00B480066A97D /* MWDatePicker */ = {
			isa = PBXGroup;
			children = (
				EE1500AF17D00B670066A97D /* MWDatePicker.h */,
				EE1500B017D00B670066A97D /* MWDatePicker.m */,
			);
			name = MWDatePicker;
			sourceTree = "<group>";
		};
		EE2ED91A17DE568D00ECCAAC /* TTTAttributedLabel */ = {
			isa = PBXGroup;
			children = (
				EE2ED91B17DE568D00ECCAAC /* TTTAttributedLabel.h */,
				EE2ED91C17DE568D00ECCAAC /* TTTAttributedLabel.m */,
			);
			path = TTTAttributedLabel;
			sourceTree = "<group>";
		};
		EE2ED91E17DE629500ECCAAC /* ThirdParty */ = {
			isa = PBXGroup;
			children = (
				EE1500AE17D00B480066A97D /* MWDatePicker */,
				EE2ED91A17DE568D00ECCAAC /* TTTAttributedLabel */,
				EE0F5BB217DD0D9B001576F9 /* MFFoldTransition */,
				EE9C89E61798FCEA00A8B4AB /* RLCSliderMenuCells */,
			);
			name = ThirdParty;
			sourceTree = "<group>";
		};
		EE2ED91F17DE62A600ECCAAC /* Controllers */ = {
			isa = PBXGroup;
			children = (
				EE574ED1178F77CA00904CF7 /* testViewController.h */,
				EE574ED2178F77CA00904CF7 /* testViewController.m */,
				EE1500B817D3C5AC0066A97D /* DialTimerViewController.h */,
				EE1500B917D3C5AD0066A97D /* DialTimerViewController.m */,
				EE9A84E517D6E40000E67EE0 /* DialTimerViewController.xib */,
				EE2ED92017DE62B200ECCAAC /* Views */,
			);
			name = Controllers;
			sourceTree = "<group>";
		};
		EE2ED92017DE62B200ECCAAC /* Views */ = {
			isa = PBXGroup;
			children = (
				EE0F5BA217DD0305001576F9 /* secondsTickView.h */,
				EE0F5BA317DD0305001576F9 /* secondsTickView.m */,
				EE9A84E917D903B200E67EE0 /* SSCountDownTimerView.h */,
				EE9A84EA17D903B200E67EE0 /* SSCountDownTimerView.m */,
				EE574ED9178F77FF00904CF7 /* SSProgressView.h */,
				EE574EDA178F77FF00904CF7 /* SSProgressView.m */,
			);
			name = Views;
			sourceTree = "<group>";
		};
		EE2ED92117DE62DA00ECCAAC /* Categories */ = {
			isa = PBXGroup;
			children = (
				EEA02E3417A6E62400F6BAEE /* UIDevice+deviceInfo.h */,
				EEA02E3517A6E62500F6BAEE /* UIDevice+deviceInfo.m */,
				EE759CB717B56AD9007191A6 /* NSString+SSGizmo.h */,
				EE759CB817B56AD9007191A6 /* NSString+SSGizmo.m */,
				EE1500B217D01BE40066A97D /* UIView+bounce.h */,
				EE1500B317D01BE50066A97D /* UIView+bounce.m */,
				EE8B3FFB18B041EF00A24C3A /* NSMutableArray+QueueAdditions.h */,
				EE8B3FFC18B041EF00A24C3A /* NSMutableArray+QueueAdditions.m */,
			);
			name = Categories;
			sourceTree = "<group>";
		};
		EE574EAA178F77CA00904CF7 = {
			isa = PBXGroup;
			children = (
				EE574EBC178F77CA00904CF7 /* circleDial */,
				EE574EB5178F77CA00904CF7 /* Frameworks */,
				EE574EB4178F77CA00904CF7 /* Products */,
			);
			sourceTree = "<group>";
		};
		EE574EB4178F77CA00904CF7 /* Products */ = {
			isa = PBXGroup;
			children = (
				EE574EB3178F77CA00904CF7 /* circleDial.app */,
			);
			name = Products;
			sourceTree = "<group>";
		};
		EE574EB5178F77CA00904CF7 /* Frameworks */ = {
			isa = PBXGroup;
			children = (
				EE8B400C18B0503800A24C3A /* SystemConfiguration.framework */,
				EE8B400A18B0502F00A24C3A /* StoreKit.framework */,
				EE8B400818B0502900A24C3A /* Security.framework */,
				EE8B400618B0501E00A24C3A /* MobileCoreServices.framework */,
				EE8B400418B0501600A24C3A /* libz.dylib */,
				EE8B400218B0500600A24C3A /* CFNetwork.framework */,
				EE8B400018B04FEE00A24C3A /* AudioToolbox.framework */,
				EE8B3FFE18B04E2B00A24C3A /* Parse.framework */,
				EE8B3FF818B02FB300A24C3A /* CoreLocation.framework */,
				EE8B3FF618B02FA800A24C3A /* libipsec.A.dylib */,
				EE8B3FF218B02A6D00A24C3A /* ImageIO.framework */,
				EE8B3FF018B029FD00A24C3A /* Accelerate.framework */,
				EE0F5BC217DE3B31001576F9 /* CoreText.framework */,
				EE0F5B9D17DCF703001576F9 /* CoreMotion.framework */,
				EE15FE4617CE88570066A97D /* AVFoundation.framework */,
				EE15FE4417CE88540066A97D /* OpenGLES.framework */,
				EE15FE4217CE88430066A97D /* CoreVideo.framework */,
				EE15FE4017CE883E0066A97D /* CoreMedia.framework */,
				EE574EDC178F789500904CF7 /* QuartzCore.framework */,
				EE574EB6178F77CA00904CF7 /* UIKit.framework */,
				EE574EB8178F77CA00904CF7 /* Foundation.framework */,
				EE574EBA178F77CA00904CF7 /* CoreGraphics.framework */,
			);
			name = Frameworks;
			sourceTree = "<group>";
		};
		EE574EBC178F77CA00904CF7 /* circleDial */ = {
			isa = PBXGroup;
			children = (
				EE7FA866180DFEBF000E124F /* OldUI */,
				EE07673517E244180078D669 /* AutoLayout */,
				EE574EC5178F77CA00904CF7 /* testAppDelegate.h */,
				EE574EC6178F77CA00904CF7 /* testAppDelegate.m */,
				EE574EDE178F9BDC00904CF7 /* resources */,
				EE574EBD178F77CA00904CF7 /* Supporting Files */,
			);
			path = circleDial;
			sourceTree = "<group>";
		};
		EE574EBD178F77CA00904CF7 /* Supporting Files */ = {
			isa = PBXGroup;
			children = (
				EE8B3FF418B02C8400A24C3A /* timerIcon.png */,
				EEBBBC3818395F1100B26B1C /* Icon120.png */,
				EEBBBC2218395D9B00B26B1C /* AppIcon29x29.png */,
				EEBBBC2318395D9B00B26B1C /* AppIcon29x29@2x.png */,
				EEBBBC2418395D9B00B26B1C /* AppIcon40x40.png */,
				EEBBBC2518395D9B00B26B1C /* AppIcon40x40@2x.png */,
				EEBBBC2618395D9B00B26B1C /* AppIcon60x60.png */,
				EEBBBC2718395D9B00B26B1C /* AppIcon60x60@2x.png */,
				EEBBBC2818395D9B00B26B1C /* AppIcon76x76.png */,
				EEBBBC2918395D9B00B26B1C /* AppIcon76x76@2x.png */,
				EEBBBC2A18395D9B00B26B1C /* iTunesArtwork.png */,
				EEBBBC2B18395D9B00B26B1C /* iTunesArtwork@2x.png */,
				EE574EBE178F77CA00904CF7 /* circleDial-Info.plist */,
				EE574EBF178F77CA00904CF7 /* InfoPlist.strings */,
				EE574EC2178F77CA00904CF7 /* main.m */,
				EE574EC4178F77CA00904CF7 /* circleDial-Prefix.pch */,
				EE574EC8178F77CA00904CF7 /* Default.png */,
				EE574ECA178F77CA00904CF7 /* Default@2x.png */,
				EE574ECC178F77CA00904CF7 /* Default-568h@2x.png */,
			);
			name = "Supporting Files";
			sourceTree = "<group>";
		};
		EE574EDE178F9BDC00904CF7 /* resources */ = {
			isa = PBXGroup;
			children = (
				EE2ED91617DE53B400ECCAAC /* KlinicSlab-Light.otf */,
				EE2DC20C17C7179D009C803C /* Klinic Slab-Medium.ttf */,
				EE2DC20917C71736009C803C /* KS-Normal.ttf */,
				EE2DC20717C6D70E009C803C /* background@2x.png */,
				EEA02E4817A88CA000F6BAEE /* bg-568h@2x.png */,
				EE9C89F617990CB700A8B4AB /* bg@2x.png */,
				EE574EE9178FA31B00904CF7 /* ss-gizmo.ttf */,
			);
			name = resources;
			sourceTree = "<group>";
		};
		EE6F4E88180334AD00B52841 /* SettingsMenu */ = {
			isa = PBXGroup;
			children = (
				EE6F4E89180334F500B52841 /* setTimerCell.h */,
				EE6F4E8A180334F500B52841 /* setTimerCell.m */,
				EE6F4E8C1803350200B52841 /* setTimerCell.xib */,
				EE6F4E981803389A00B52841 /* startTimerTitleCell.h */,
				EE6F4E991803389A00B52841 /* startTimerTitleCell.m */,
				EE6F4E9E180338B600B52841 /* startTimerTitleCell.xib */,
				EE6F4E9B180338A600B52841 /* endTimerTitleCell.h */,
				EE6F4E9C180338A600B52841 /* endTimerTitleCell.m */,
				EE6F4EA0180338C600B52841 /* endTimerTitleCell.xib */,
				EE6F4EA418035B8B00B52841 /* setEndTimerCell.h */,
				EE6F4EA518035B8B00B52841 /* setEndTimerCell.m */,
				EE6F4EA718035B9700B52841 /* setEndTimerCell.xib */,
			);
			name = SettingsMenu;
			sourceTree = "<group>";
		};
		EE6F4EAC18037F3D00B52841 /* RepeatMenu */ = {
			isa = PBXGroup;
			children = (
				EE6F4EAD18037F5600B52841 /* repeatMenuCell.h */,
				EE6F4EAE18037F5700B52841 /* repeatMenuCell.m */,
				EE6F4EB018037F6200B52841 /* repeatMenuCell.xib */,
			);
			name = RepeatMenu;
			sourceTree = "<group>";
		};
		EE7FA866180DFEBF000E124F /* OldUI */ = {
			isa = PBXGroup;
			children = (
				EE9C89E21798FCD000A8B4AB /* SliderMenu */,
				EE574ECE178F77CA00904CF7 /* MainStoryboard.storyboard */,
			);
			name = OldUI;
			sourceTree = "<group>";
		};
		EE8B3FFA18B034F200A24C3A /* UI */ = {
			isa = PBXGroup;
			children = (
				EE8B3FEA18B0291400A24C3A /* RJ_NotificationView.h */,
				EE8B3FEB18B0291400A24C3A /* RJ_NotificationView.m */,
			);
			name = UI;
			sourceTree = "<group>";
		};
		EE9C89E21798FCD000A8B4AB /* SliderMenu */ = {
			isa = PBXGroup;
			children = (
				EE2ED91F17DE62A600ECCAAC /* Controllers */,
			);
			name = SliderMenu;
			sourceTree = "<group>";
		};
		EE9C89E61798FCEA00A8B4AB /* RLCSliderMenuCells */ = {
			isa = PBXGroup;
			children = (
				EE9C89E31798FCE600A8B4AB /* RLCSliderMenu.h */,
				EE9C89E41798FCE600A8B4AB /* RLCSliderMenu.m */,
				EEA02E2C17A2FB4500F6BAEE /* UIWindow+RESideMenuExtensions.h */,
				EEA02E2D17A2FB4500F6BAEE /* UIWindow+RESideMenuExtensions.m */,
				EEA02E2F17A6D55600F6BAEE /* RLCStartTimeCell.h */,
				EEA02E3017A6D55700F6BAEE /* RLCStartTimeCell.m */,
				EEA02E3217A6D57600F6BAEE /* RLCStartTimeCell.xib */,
				EEA02E4317A888E600F6BAEE /* RLCEndTimeCell.h */,
				EEA02E4417A888E700F6BAEE /* RLCEndTimeCell.m */,
				EEA02E4617A888F900F6BAEE /* RLCEndTimeCell.xib */,
				EE2DC1FD17C69788009C803C /* RLCStartTimeTitleCell.h */,
				EE2DC1FE17C69788009C803C /* RLCStartTimeTitleCell.m */,
				EE2DC20317C697E0009C803C /* RLCStartTimeTitleCell.xib */,
				EE2DC20017C697B9009C803C /* RLCEndTimeTitleCell.h */,
				EE2DC20117C697B9009C803C /* RLCEndTimeTitleCell.m */,
				EE2DC20517C697F3009C803C /* RLCEndTimeTitleCell.xib */,
			);
			name = RLCSliderMenuCells;
			sourceTree = "<group>";
		};
/* End PBXGroup section */

/* Begin PBXNativeTarget section */
		EE574EB2178F77CA00904CF7 /* circleDial */ = {
			isa = PBXNativeTarget;
			buildConfigurationList = EE574ED6178F77CA00904CF7 /* Build configuration list for PBXNativeTarget "circleDial" */;
			buildPhases = (
				EE574EAF178F77CA00904CF7 /* Sources */,
				EE574EB0178F77CA00904CF7 /* Frameworks */,
				EE574EB1178F77CA00904CF7 /* Resources */,
			);
			buildRules = (
			);
			dependencies = (
			);
			name = circleDial;
			productName = circleDial;
			productReference = EE574EB3178F77CA00904CF7 /* circleDial.app */;
			productType = "com.apple.product-type.application";
		};
/* End PBXNativeTarget section */

/* Begin PBXProject section */
		EE574EAB178F77CA00904CF7 /* Project object */ = {
			isa = PBXProject;
			attributes = {
				CLASSPREFIX = test;
				LastUpgradeCheck = 0460;
				ORGANIZATIONNAME = "EvidencePix Systems Inc.";
				TargetAttributes = {
					EE574EB2178F77CA00904CF7 = {
						DevelopmentTeam = 34CR79NCC7;
						SystemCapabilities = {
							com.apple.BackgroundModes = {
								enabled = 1;
							};
						};
					};
				};
			};
			buildConfigurationList = EE574EAE178F77CA00904CF7 /* Build configuration list for PBXProject "circleDial" */;
			compatibilityVersion = "Xcode 3.2";
			developmentRegion = English;
			hasScannedForEncodings = 0;
			knownRegions = (
				en,
			);
			mainGroup = EE574EAA178F77CA00904CF7;
			productRefGroup = EE574EB4178F77CA00904CF7 /* Products */;
			projectDirPath = "";
			projectRoot = "";
			targets = (
				EE574EB2178F77CA00904CF7 /* circleDial */,
			);
		};
/* End PBXProject section */

/* Begin PBXResourcesBuildPhase section */
		EE574EB1178F77CA00904CF7 /* Resources */ = {
			isa = PBXResourcesBuildPhase;
			buildActionMask = 2147483647;
			files = (
				EE8B3FF518B02C8400A24C3A /* timerIcon.png in Resources */,
				EEBBBC2F18395D9B00B26B1C /* AppIcon40x40@2x.png in Resources */,
				EE6F4EB118037F6200B52841 /* repeatMenuCell.xib in Resources */,
				EE574EC1178F77CA00904CF7 /* InfoPlist.strings in Resources */,
				EE574EC9178F77CA00904CF7 /* Default.png in Resources */,
				EEBBBC2E18395D9B00B26B1C /* AppIcon40x40.png in Resources */,
				EE6F4EA1180338C600B52841 /* endTimerTitleCell.xib in Resources */,
				EEBBBC3418395D9B00B26B1C /* iTunesArtwork.png in Resources */,
				EE574ECB178F77CA00904CF7 /* Default@2x.png in Resources */,
				EE574ECD178F77CA00904CF7 /* Default-568h@2x.png in Resources */,
				EE574ED0178F77CA00904CF7 /* MainStoryboard.storyboard in Resources */,
				EEBBBC3218395D9B00B26B1C /* AppIcon76x76.png in Resources */,
				EEBBBC3018395D9B00B26B1C /* AppIcon60x60.png in Resources */,
				EEBBBC3918395F1100B26B1C /* Icon120.png in Resources */,
				EE6F4EA818035B9700B52841 /* setEndTimerCell.xib in Resources */,
				EEBBBC3518395D9B00B26B1C /* iTunesArtwork@2x.png in Resources */,
				EE6F4E9F180338B600B52841 /* startTimerTitleCell.xib in Resources */,
				EE574EEA178FA31B00904CF7 /* ss-gizmo.ttf in Resources */,
				EE6F4E8D1803350200B52841 /* setTimerCell.xib in Resources */,
				EEBBBC3118395D9B00B26B1C /* AppIcon60x60@2x.png in Resources */,
				EEBBBC2C18395D9B00B26B1C /* AppIcon29x29.png in Resources */,
				EE9C89F717990CB700A8B4AB /* bg@2x.png in Resources */,
				EEBBBC3318395D9B00B26B1C /* AppIcon76x76@2x.png in Resources */,
				EEA02E3317A6D57700F6BAEE /* RLCStartTimeCell.xib in Resources */,
				EEA02E4717A888FA00F6BAEE /* RLCEndTimeCell.xib in Resources */,
				EEA02E4917A88CA000F6BAEE /* bg-568h@2x.png in Resources */,
				EE2DC20417C697E0009C803C /* RLCStartTimeTitleCell.xib in Resources */,
				EE2DC20617C697F3009C803C /* RLCEndTimeTitleCell.xib in Resources */,
				EE2DC20817C6D70E009C803C /* background@2x.png in Resources */,
				EE2DC20A17C71736009C803C /* KS-Normal.ttf in Resources */,
				EE2DC20E17C7179E009C803C /* Klinic Slab-Medium.ttf in Resources */,
				EEBBBC2D18395D9B00B26B1C /* AppIcon29x29@2x.png in Resources */,
				EE9A84E617D6E40000E67EE0 /* DialTimerViewController.xib in Resources */,
				EE2ED91717DE53B400ECCAAC /* KlinicSlab-Light.otf in Resources */,
				EE2ED92317DE7BBC00ECCAAC /* iPhone.storyboard in Resources */,
			);
			runOnlyForDeploymentPostprocessing = 0;
		};
/* End PBXResourcesBuildPhase section */

/* Begin PBXSourcesBuildPhase section */
		EE574EAF178F77CA00904CF7 /* Sources */ = {
			isa = PBXSourcesBuildPhase;
			buildActionMask = 2147483647;
			files = (
				EE6F4EAB18037AD100B52841 /* RepeatSettingViewController.m in Sources */,
				EE6F4EAF18037F5700B52841 /* repeatMenuCell.m in Sources */,
				EE574EC3178F77CA00904CF7 /* main.m in Sources */,
				EE574EC7178F77CA00904CF7 /* testAppDelegate.m in Sources */,
				EE574ED3178F77CA00904CF7 /* testViewController.m in Sources */,
				EE574EDB178F77FF00904CF7 /* SSProgressView.m in Sources */,
				EE9C89E51798FCE600A8B4AB /* RLCSliderMenu.m in Sources */,
				EEA02E2E17A2FB4500F6BAEE /* UIWindow+RESideMenuExtensions.m in Sources */,
				EEA02E3117A6D55800F6BAEE /* RLCStartTimeCell.m in Sources */,
				EE6F4EDF1804F8F200B52841 /* testview.m in Sources */,
				EEA02E3617A6E62600F6BAEE /* UIDevice+deviceInfo.m in Sources */,
				EE8B3FE818ADF95F00A24C3A /* motionDataController.m in Sources */,
				EEA02E4517A888E900F6BAEE /* RLCEndTimeCell.m in Sources */,
				EE759CB917B56AD9007191A6 /* NSString+SSGizmo.m in Sources */,
				EE2DC1FF17C69789009C803C /* RLCStartTimeTitleCell.m in Sources */,
				EE2DC20217C697B9009C803C /* RLCEndTimeTitleCell.m in Sources */,
				EE6F4FF418086BB100B52841 /* countDownView.m in Sources */,
				EE6F4E9A1803389A00B52841 /* startTimerTitleCell.m in Sources */,
				EE8B3FFD18B041EF00A24C3A /* NSMutableArray+QueueAdditions.m in Sources */,
				EE6F4E9D180338A600B52841 /* endTimerTitleCell.m in Sources */,
				EE8B3FEC18B0291400A24C3A /* RJ_NotificationView.m in Sources */,
				EE6F4E85180333F500B52841 /* SettingsViewController.m in Sources */,
				EE8B3FEF18B029E500A24C3A /* UIImage+ImageEffects.m in Sources */,
				EE6F4EA618035B8B00B52841 /* setEndTimerCell.m in Sources */,
				EE1500B117D00B670066A97D /* MWDatePicker.m in Sources */,
				EE1500B417D01BE60066A97D /* UIView+bounce.m in Sources */,
				EE1500BA17D3C5AF0066A97D /* DialTimerViewController.m in Sources */,
				EE9A84EB17D903B200E67EE0 /* SSCountDownTimerView.m in Sources */,
				EE6F4E8B180334F500B52841 /* setTimerCell.m in Sources */,
				EE0F5BA417DD0305001576F9 /* secondsTickView.m in Sources */,
				EE0F5BBE17DD0DB7001576F9 /* MPAnimation.m in Sources */,
				EE0F5BBF17DD0DB7001576F9 /* MPFoldTransition.m in Sources */,
				EE0F5BC017DD0DB7001576F9 /* MPTransition.m in Sources */,
				EE0F5BC117DD0DB7001576F9 /* MPFlipTransition.m in Sources */,
				EE2ED91D17DE568D00ECCAAC /* TTTAttributedLabel.m in Sources */,
				EE07673817E2444F0078D669 /* TutorialViewController.m in Sources */,
				EE07673B17E245840078D669 /* SetUpTimerViewController.m in Sources */,
				EE07673E17E245B10078D669 /* CountDownViewController.m in Sources */,
				EE07674117E246120078D669 /* MainViewController.m in Sources */,
			);
			runOnlyForDeploymentPostprocessing = 0;
		};
/* End PBXSourcesBuildPhase section */

/* Begin PBXVariantGroup section */
		EE574EBF178F77CA00904CF7 /* InfoPlist.strings */ = {
			isa = PBXVariantGroup;
			children = (
				EE574EC0178F77CA00904CF7 /* en */,
			);
			name = InfoPlist.strings;
			sourceTree = "<group>";
		};
		EE574ECE178F77CA00904CF7 /* MainStoryboard.storyboard */ = {
			isa = PBXVariantGroup;
			children = (
				EE574ECF178F77CA00904CF7 /* en */,
			);
			name = MainStoryboard.storyboard;
			sourceTree = "<group>";
		};
/* End PBXVariantGroup section */

/* Begin XCBuildConfiguration section */
		EE574ED4178F77CA00904CF7 /* Debug */ = {
			isa = XCBuildConfiguration;
			buildSettings = {
				ALWAYS_SEARCH_USER_PATHS = NO;
				CLANG_CXX_LANGUAGE_STANDARD = "gnu++0x";
				CLANG_CXX_LIBRARY = "libc++";
				CLANG_ENABLE_OBJC_ARC = YES;
				CLANG_WARN_CONSTANT_CONVERSION = YES;
				CLANG_WARN_EMPTY_BODY = YES;
				CLANG_WARN_ENUM_CONVERSION = YES;
				CLANG_WARN_INT_CONVERSION = YES;
				CLANG_WARN__DUPLICATE_METHOD_MATCH = YES;
				"CODE_SIGN_IDENTITY[sdk=iphoneos*]" = "iPhone Developer";
				COPY_PHASE_STRIP = NO;
				GCC_C_LANGUAGE_STANDARD = gnu99;
				GCC_DYNAMIC_NO_PIC = NO;
				GCC_OPTIMIZATION_LEVEL = 0;
				GCC_PREPROCESSOR_DEFINITIONS = (
					"DEBUG=1",
					"$(inherited)",
				);
				GCC_SYMBOLS_PRIVATE_EXTERN = NO;
				GCC_WARN_ABOUT_RETURN_TYPE = YES;
				GCC_WARN_UNINITIALIZED_AUTOS = YES;
				GCC_WARN_UNUSED_VARIABLE = YES;
				IPHONEOS_DEPLOYMENT_TARGET = 6.1;
				ONLY_ACTIVE_ARCH = YES;
				SDKROOT = iphoneos;
			};
			name = Debug;
		};
		EE574ED5178F77CA00904CF7 /* Release */ = {
			isa = XCBuildConfiguration;
			buildSettings = {
				ALWAYS_SEARCH_USER_PATHS = NO;
				CLANG_CXX_LANGUAGE_STANDARD = "gnu++0x";
				CLANG_CXX_LIBRARY = "libc++";
				CLANG_ENABLE_OBJC_ARC = YES;
				CLANG_WARN_CONSTANT_CONVERSION = YES;
				CLANG_WARN_EMPTY_BODY = YES;
				CLANG_WARN_ENUM_CONVERSION = YES;
				CLANG_WARN_INT_CONVERSION = YES;
				CLANG_WARN__DUPLICATE_METHOD_MATCH = YES;
				"CODE_SIGN_IDENTITY[sdk=iphoneos*]" = "iPhone Developer";
				COPY_PHASE_STRIP = YES;
				GCC_C_LANGUAGE_STANDARD = gnu99;
				GCC_WARN_ABOUT_RETURN_TYPE = YES;
				GCC_WARN_UNINITIALIZED_AUTOS = YES;
				GCC_WARN_UNUSED_VARIABLE = YES;
				IPHONEOS_DEPLOYMENT_TARGET = 6.1;
				OTHER_CFLAGS = "-DNS_BLOCK_ASSERTIONS=1";
				SDKROOT = iphoneos;
				VALIDATE_PRODUCT = YES;
			};
			name = Release;
		};
		EE574ED7178F77CA00904CF7 /* Debug */ = {
			isa = XCBuildConfiguration;
			buildSettings = {
				CLANG_ENABLE_MODULES = YES;
				CODE_SIGN_IDENTITY = "iPhone Developer: raymond chen (8P8972LRYM)";
				"CODE_SIGN_IDENTITY[sdk=iphoneos*]" = "iPhone Developer: raymond chen (8P8972LRYM)";
				FRAMEWORK_SEARCH_PATHS = (
					"$(inherited)",
					/Users/raymondchen/Desktop/circleDial,
				);
				GCC_PRECOMPILE_PREFIX_HEADER = YES;
				GCC_PREFIX_HEADER = "circleDial/circleDial-Prefix.pch";
				INFOPLIST_FILE = "circleDial/circleDial-Info.plist";
				IPHONEOS_DEPLOYMENT_TARGET = 7.0;
				LIBRARY_SEARCH_PATHS = (
					"$(inherited)",
					"\"$(SRCROOT)/circleDial\"",
				);
				PRODUCT_NAME = "$(TARGET_NAME)";
				PROVISIONING_PROFILE = "66407811-3D18-43BF-933D-AE4050132AE3";
				WRAPPER_EXTENSION = app;
			};
			name = Debug;
		};
		EE574ED8178F77CA00904CF7 /* Release */ = {
			isa = XCBuildConfiguration;
			buildSettings = {
				CLANG_ENABLE_MODULES = YES;
				CODE_SIGN_IDENTITY = "iPhone Developer: raymond chen (8P8972LRYM)";
				"CODE_SIGN_IDENTITY[sdk=iphoneos*]" = "iPhone Developer: raymond chen (8P8972LRYM)";
				FRAMEWORK_SEARCH_PATHS = (
					"$(inherited)",
					/Users/raymondchen/Desktop/circleDial,
				);
				GCC_PRECOMPILE_PREFIX_HEADER = YES;
				GCC_PREFIX_HEADER = "circleDial/circleDial-Prefix.pch";
				INFOPLIST_FILE = "circleDial/circleDial-Info.plist";
				IPHONEOS_DEPLOYMENT_TARGET = 7.0;
				LIBRARY_SEARCH_PATHS = (
					"$(inherited)",
					"\"$(SRCROOT)/circleDial\"",
				);
				PRODUCT_NAME = "$(TARGET_NAME)";
				PROVISIONING_PROFILE = "66407811-3D18-43BF-933D-AE4050132AE3";
				WRAPPER_EXTENSION = app;
			};
			name = Release;
		};
/* End XCBuildConfiguration section */

/* Begin XCConfigurationList section */
		EE574EAE178F77CA00904CF7 /* Build configuration list for PBXProject "circleDial" */ = {
			isa = XCConfigurationList;
			buildConfigurations = (
				EE574ED4178F77CA00904CF7 /* Debug */,
				EE574ED5178F77CA00904CF7 /* Release */,
			);
			defaultConfigurationIsVisible = 0;
			defaultConfigurationName = Release;
		};
		EE574ED6178F77CA00904CF7 /* Build configuration list for PBXNativeTarget "circleDial" */ = {
			isa = XCConfigurationList;
			buildConfigurations = (
				EE574ED7178F77CA00904CF7 /* Debug */,
				EE574ED8178F77CA00904CF7 /* Release */,
			);
			defaultConfigurationIsVisible = 0;
			defaultConfigurationName = Release;
		};
/* End XCConfigurationList section */
	};
	rootObject = EE574EAB178F77CA00904CF7 /* Project object */;
}
